
Microsoft Visual Studio Solution File, Format Version 12.00
# Visual Studio Version 17
VisualStudioVersion = 17.4.33205.214
MinimumVisualStudioVersion = 10.0.40219.1
Project("{FAE04EC0-301F-11D3-BF4B-00C04F79EFBC}") = "FluentValidation_in_DotNet_6", "FluentValidation_in_DotNet_6\FluentValidation_in_DotNet_6.csproj", "{CA53E678-4F9B-48E7-A2EF-9DE7CC9A7D43}"
EndProject
Global
	GlobalSection(SolutionConfigurationPlatforms) = preSolution
		Debug|Any CPU = Debug|Any CPU
		Release|Any CPU = Release|Any CPU
	EndGlobalSection
	GlobalSection(ProjectConfigurationPlatforms) = postSolution
		{CA53E678-4F9B-48E7-A2EF-9DE7CC9A7D43}.Debug|Any CPU.ActiveCfg = Debug|Any CPU
		{CA53E678-4F9B-48E7-A2EF-9DE7CC9A7D43}.Debug|Any CPU.Build.0 = Debug|Any CPU
		{CA53E678-4F9B-48E7-A2EF-9DE7CC9A7D43}.Release|Any CPU.ActiveCfg = Release|Any CPU
		{CA53E678-4F9B-48E7-A2EF-9DE7CC9A7D43}.Release|Any CPU.Build.0 = Release|Any CPU
	EndGlobalSection
	GlobalSection(SolutionProperties) = preSolution
		HideSolutionNode = FALSE
	EndGlobalSection
	GlobalSection(ExtensibilityGlobals) = postSolution
		SolutionGuid = {307C06A0-D344-4382-995B-5176C31B25C9}
	EndGlobalSection
EndGlobal
